
Microsoft Visual Studio Solution File, Format Version 12.00
# Visual Studio Version 17
VisualStudioVersion = 17.0.31903.59
MinimumVisualStudioVersion = 10.0.40219.1
Project("{FAE04EC0-301F-11D3-BF4B-00C04F79EFBC}") = "GcseMarker.Api", "GcseMarker.Api\GcseMarker.Api.csproj", "{3895950A-0E42-41EA-A01B-FCAC3B3E7E08}"
EndProject
Project("{FAE04EC0-301F-11D3-BF4B-00C04F79EFBC}") = "GcseMarker.Api.Tests", "GcseMarker.Api.Tests\GcseMarker.Api.Tests.csproj", "{726F9405-1476-40D2-8265-DB5DC36F0543}"
EndProject
Global
	GlobalSection(SolutionConfigurationPlatforms) = preSolution
		Debug|Any CPU = Debug|Any CPU
		Release|Any CPU = Release|Any CPU
	EndGlobalSection
	GlobalSection(SolutionProperties) = preSolution
		HideSolutionNode = FALSE
	EndGlobalSection
	GlobalSection(ProjectConfigurationPlatforms) = postSolution
		{3895950A-0E42-41EA-A01B-FCAC3B3E7E08}.Debug|Any CPU.ActiveCfg = Debug|Any CPU
		{3895950A-0E42-41EA-A01B-FCAC3B3E7E08}.Debug|Any CPU.Build.0 = Debug|Any CPU
		{3895950A-0E42-41EA-A01B-FCAC3B3E7E08}.Release|Any CPU.ActiveCfg = Release|Any CPU
		{3895950A-0E42-41EA-A01B-FCAC3B3E7E08}.Release|Any CPU.Build.0 = Release|Any CPU
		{726F9405-1476-40D2-8265-DB5DC36F0543}.Debug|Any CPU.ActiveCfg = Debug|Any CPU
		{726F9405-1476-40D2-8265-DB5DC36F0543}.Debug|Any CPU.Build.0 = Debug|Any CPU
		{726F9405-1476-40D2-8265-DB5DC36F0543}.Release|Any CPU.ActiveCfg = Release|Any CPU
		{726F9405-1476-40D2-8265-DB5DC36F0543}.Release|Any CPU.Build.0 = Release|Any CPU
	EndGlobalSection
EndGlobal
